github.com/nanxiaobei/hugo-paper v0.0.0-20240815163627-148fc2517f04 h1:yf7XvZRNewB6DHHZ3MISFqK8CMq/qihQTfB7+6ENooE=
github.com/nanxiaobei/hugo-paper v0.0.0-20240815163627-148fc2517f04/go.mod h1:cS2hTYPgmZ2FkPTQbOiX6vB0yLQcWD067kJx2lkRPVQ=
github.com/nanxiaobei/hugo-paper v0.0.0-20240820133801-2ca2e11f9773 h1:oIg+vuJXLD3/nIqd/mVL736CvZ0M0wWWlrVL6oZMC68=
github.com/nanxiaobei/hugo-paper v0.0.0-20240820133801-2ca2e11f9773/go.mod h1:cS2hTYPgmZ2FkPTQbOiX6vB0yLQcWD067kJx2lkRPVQ=
